
Microsoft Visual Studio Solution File, Format Version 12.00
# Visual Studio Version 17
VisualStudioVersion = 17.9.34714.143
MinimumVisualStudioVersion = 10.0.40219.1
Project("{FAE04EC0-301F-11D3-BF4B-00C04F79EFBC}") = "StockAPI", "StockAPI\StockAPI.csproj", "{0733EFB2-6DD6-4956-8FDB-042D9A9DECFD}"
EndProject
Global
	GlobalSection(SolutionConfigurationPlatforms) = preSolution
		Debug|Any CPU = Debug|Any CPU
		Release|Any CPU = Release|Any CPU
	EndGlobalSection
	GlobalSection(ProjectConfigurationPlatforms) = postSolution
		{0733EFB2-6DD6-4956-8FDB-042D9A9DECFD}.Debug|Any CPU.ActiveCfg = Debug|Any CPU
		{0733EFB2-6DD6-4956-8FDB-042D9A9DECFD}.Debug|Any CPU.Build.0 = Debug|Any CPU
		{0733EFB2-6DD6-4956-8FDB-042D9A9DECFD}.Release|Any CPU.ActiveCfg = Release|Any CPU
		{0733EFB2-6DD6-4956-8FDB-042D9A9DECFD}.Release|Any CPU.Build.0 = Release|Any CPU
	EndGlobalSection
	GlobalSection(SolutionProperties) = preSolution
		HideSolutionNode = FALSE
	EndGlobalSection
	GlobalSection(ExtensibilityGlobals) = postSolution
		SolutionGuid = {8BB54935-ED06-4506-BC28-42929184E561}
	EndGlobalSection
EndGlobal
